
Microsoft Visual Studio Solution File, Format Version 12.00
# Visual Studio Version 17
VisualStudioVersion = 17.14.36518.9 d17.14
MinimumVisualStudioVersion = 10.0.40219.1
Project("{C7167F0D-BC9F-4E6E-AFE1-012C56B48DB5}") = "main_interface (Package)", "main_interface (Package)\main_interface (Package).wapproj", "{D523FD6E-1AA1-4E53-83A0-B7E016E231F4}"
EndProject
Project("{FAE04EC0-301F-11D3-BF4B-00C04F79EFBC}") = "main_interface", "main_interface\main_interface.csproj", "{CBCF3881-8F55-4F82-B088-A3DB7F1C03D5}"
EndProject
Global
	GlobalSection(SolutionConfigurationPlatforms) = preSolution
		Debug|ARM64 = Debug|ARM64
		Debug|x64 = Debug|x64
		Debug|x86 = Debug|x86
		Release|ARM64 = Release|ARM64
		Release|x64 = Release|x64
		Release|x86 = Release|x86
	EndGlobalSection
	GlobalSection(ProjectConfigurationPlatforms) = postSolution
		{D523FD6E-1AA1-4E53-83A0-B7E016E231F4}.Debug|ARM64.ActiveCfg = Debug|ARM64
		{D523FD6E-1AA1-4E53-83A0-B7E016E231F4}.Debug|ARM64.Build.0 = Debug|ARM64
		{D523FD6E-1AA1-4E53-83A0-B7E016E231F4}.Debug|ARM64.Deploy.0 = Debug|ARM64
		{D523FD6E-1AA1-4E53-83A0-B7E016E231F4}.Debug|x64.ActiveCfg = Debug|x64
		{D523FD6E-1AA1-4E53-83A0-B7E016E231F4}.Debug|x64.Build.0 = Debug|x64
		{D523FD6E-1AA1-4E53-83A0-B7E016E231F4}.Debug|x64.Deploy.0 = Debug|x64
		{D523FD6E-1AA1-4E53-83A0-B7E016E231F4}.Debug|x86.ActiveCfg = Debug|x86
		{D523FD6E-1AA1-4E53-83A0-B7E016E231F4}.Debug|x86.Build.0 = Debug|x86
		{D523FD6E-1AA1-4E53-83A0-B7E016E231F4}.Debug|x86.Deploy.0 = Debug|x86
		{D523FD6E-1AA1-4E53-83A0-B7E016E231F4}.Release|ARM64.ActiveCfg = Release|ARM64
		{D523FD6E-1AA1-4E53-83A0-B7E016E231F4}.Release|ARM64.Build.0 = Release|ARM64
		{D523FD6E-1AA1-4E53-83A0-B7E016E231F4}.Release|ARM64.Deploy.0 = Release|ARM64
		{D523FD6E-1AA1-4E53-83A0-B7E016E231F4}.Release|x64.ActiveCfg = Release|x64
		{D523FD6E-1AA1-4E53-83A0-B7E016E231F4}.Release|x64.Build.0 = Release|x64
		{D523FD6E-1AA1-4E53-83A0-B7E016E231F4}.Release|x64.Deploy.0 = Release|x64
		{D523FD6E-1AA1-4E53-83A0-B7E016E231F4}.Release|x86.ActiveCfg = Release|x86
		{D523FD6E-1AA1-4E53-83A0-B7E016E231F4}.Release|x86.Build.0 = Release|x86
		{D523FD6E-1AA1-4E53-83A0-B7E016E231F4}.Release|x86.Deploy.0 = Release|x86
		{CBCF3881-8F55-4F82-B088-A3DB7F1C03D5}.Debug|ARM64.ActiveCfg = Debug|ARM64
		{CBCF3881-8F55-4F82-B088-A3DB7F1C03D5}.Debug|ARM64.Build.0 = Debug|ARM64
		{CBCF3881-8F55-4F82-B088-A3DB7F1C03D5}.Debug|x64.ActiveCfg = Debug|x64
		{CBCF3881-8F55-4F82-B088-A3DB7F1C03D5}.Debug|x64.Build.0 = Debug|x64
		{CBCF3881-8F55-4F82-B088-A3DB7F1C03D5}.Debug|x86.ActiveCfg = Debug|x86
		{CBCF3881-8F55-4F82-B088-A3DB7F1C03D5}.Debug|x86.Build.0 = Debug|x86
		{CBCF3881-8F55-4F82-B088-A3DB7F1C03D5}.Release|ARM64.ActiveCfg = Release|ARM64
		{CBCF3881-8F55-4F82-B088-A3DB7F1C03D5}.Release|ARM64.Build.0 = Release|ARM64
		{CBCF3881-8F55-4F82-B088-A3DB7F1C03D5}.Release|x64.ActiveCfg = Release|x64
		{CBCF3881-8F55-4F82-B088-A3DB7F1C03D5}.Release|x64.Build.0 = Release|x64
		{CBCF3881-8F55-4F82-B088-A3DB7F1C03D5}.Release|x86.ActiveCfg = Release|x86
		{CBCF3881-8F55-4F82-B088-A3DB7F1C03D5}.Release|x86.Build.0 = Release|x86
	EndGlobalSection
	GlobalSection(SolutionProperties) = preSolution
		HideSolutionNode = FALSE
	EndGlobalSection
	GlobalSection(ExtensibilityGlobals) = postSolution
		SolutionGuid = {161A602C-304A-4ED2-B9E1-38516A8B35C9}
	EndGlobalSection
EndGlobal
